// !$*UTF8*$!
{
	archiveVersion = 1;
	classes = {
	};
	objectVersion = 46;
	objects = {

/* Begin PBXBuildFile section */
		844473671E0E364D00F293D0 /* AppDelegate.swift in Sources */ = {isa = PBXBuildFile; fileRef = 844473661E0E364D00F293D0 /* AppDelegate.swift */; };
		844473691E0E364D00F293D0 /* ViewController.swift in Sources */ = {isa = PBXBuildFile; fileRef = 844473681E0E364D00F293D0 /* ViewController.swift */; };
		8444736C1E0E364D00F293D0 /* Main.storyboard in Resources */ = {isa = PBXBuildFile; fileRef = 8444736A1E0E364D00F293D0 /* Main.storyboard */; };
		8444736E1E0E364D00F293D0 /* Assets.xcassets in Resources */ = {isa = PBXBuildFile; fileRef = 8444736D1E0E364D00F293D0 /* Assets.xcassets */; };
		844473711E0E364D00F293D0 /* LaunchScreen.storyboard in Resources */ = {isa = PBXBuildFile; fileRef = 8444736F1E0E364D00F293D0 /* LaunchScreen.storyboard */; };
/* End PBXBuildFile section */

/* Begin PBXFileReference section */
		844473631E0E364D00F293D0 /* NewUI.app */ = {isa = PBXFileReference; explicitFileType = wrapper.application; includeInIndex = 0; path = NewUI.app; sourceTree = BUILT_PRODUCTS_DIR; };
		844473661E0E364D00F293D0 /* AppDelegate.swift */ = {isa = PBXFileReference; lastKnownFileType = sourcecode.swift; path = AppDelegate.swift; sourceTree = "<group>"; };
		844473681E0E364D00F293D0 /* ViewController.swift */ = {isa = PBXFileReference; lastKnownFileType = sourcecode.swift; path = ViewController.swift; sourceTree = "<group>"; };
		8444736B1E0E364D00F293D0 /* Base */ = {isa = PBXFileReference; lastKnownFileType = file.storyboard; name = Base; path = Base.lproj/Main.storyboard; sourceTree = "<group>"; };
		8444736D1E0E364D00F293D0 /* Assets.xcassets */ = {isa = PBXFileReference; lastKnownFileType = folder.assetcatalog; path = Assets.xcassets; sourceTree = "<group>"; };
		844473701E0E364D00F293D0 /* Base */ = {isa = PBXFileReference; lastKnownFileType = file.storyboard; name = Base; path = Base.lproj/LaunchScreen.storyboard; sourceTree = "<group>"; };
		844473721E0E364D00F293D0 /* Info.plist */ = {isa = PBXFileReference; lastKnownFileType = text.plist.xml; path = Info.plist; sourceTree = "<group>"; };
/* End PBXFileReference section */

/* Begin PBXFrameworksBuildPhase section */
		844473601E0E364D00F293D0 /* Frameworks */ = {
			isa = PBXFrameworksBuildPhase;
			buildActionMask = 2147483647;
			files = (
			);
			runOnlyForDeploymentPostprocessing = 0;
		};
/* End PBXFrameworksBuildPhase section */

/* Begin PBXGroup section */
		8444735A1E0E364D00F293D0 = {
			isa = PBXGroup;
			children = (
				844473651E0E364D00F293D0 /* NewUI */,
				844473641E0E364D00F293D0 /* Products */,
			);
			sourceTree = "<group>";
		};
		844473641E0E364D00F293D0 /* Products */ = {
			isa = PBXGroup;
			children = (
				844473631E0E364D00F293D0 /* NewUI.app */,
			);
			name = Products;
			sourceTree = "<group>";
		};
		844473651E0E364D00F293D0 /* NewUI */ = {
			isa = PBXGroup;
			children = (
				844473661E0E364D00F293D0 /* AppDelegate.swift */,
				844473681E0E364D00F293D0 /* ViewController.swift */,
				8444736A1E0E364D00F293D0 /* Main.storyboard */,
				8444736D1E0E364D00F293D0 /* Assets.xcassets */,
				8444736F1E0E364D00F293D0 /* LaunchScreen.storyboard */,
				844473721E0E364D00F293D0 /* Info.plist */,
			);
			path = NewUI;
			sourceTree = "<group>";
		};
/* End PBXGroup section */

/* Begin PBXNativeTarget section */
		844473621E0E364D00F293D0 /* NewUI */ = {
			isa = PBXNativeTarget;
			buildConfigurationList = 844473751E0E364D00F293D0 /* Build configuration list for PBXNativeTarget "NewUI" */;
			buildPhases = (
				8444735F1E0E364D00F293D0 /* Sources */,
				844473601E0E364D00F293D0 /* Frameworks */,
				844473611E0E364D00F293D0 /* Resources */,
			);
			buildRules = (
			);
			dependencies = (
			);
			name = NewUI;
			productName = NewUI;
			productReference = 844473631E0E364D00F293D0 /* NewUI.app */;
			productType = "com.apple.product-type.application";
		};
/* End PBXNativeTarget section */

/* Begin PBXProject section */
		8444735B1E0E364D00F293D0 /* Project object */ = {
			isa = PBXProject;
			attributes = {
				LastSwiftUpdateCheck = 0820;
				LastUpgradeCheck = 0820;
				ORGANIZATIONNAME = segayan3;
				TargetAttributes = {
					844473621E0E364D00F293D0 = {
						CreatedOnToolsVersion = 8.2;
						DevelopmentTeam = K9D6C8H335;
						ProvisioningStyle = Automatic;
					};
				};
			};
			buildConfigurationList = 8444735E1E0E364D00F293D0 /* Build configuration list for PBXProject "NewUI" */;
			compatibilityVersion = "Xcode 3.2";
			developmentRegion = English;
			hasScannedForEncodings = 0;
			knownRegions = (
				en,
				Base,
			);
			mainGroup = 8444735A1E0E364D00F293D0;
			productRefGroup = 844473641E0E364D00F293D0 /* Products */;
			projectDirPath = "";
			projectRoot = "";
			targets = (
				844473621E0E364D00F293D0 /* NewUI */,
			);
		};
/* End PBXProject section */

/* Begin PBXResourcesBuildPhase section */
		844473611E0E364D00F293D0 /* Resources */ = {
			isa = PBXResourcesBuildPhase;
			buildActionMask = 2147483647;
			files = (
				844473711E0E364D00F293D0 /* LaunchScreen.storyboard in Resources */,
				8444736E1E0E364D00F293D0 /* Assets.xcassets in Resources */,
				8444736C1E0E364D00F293D0 /* Main.storyboard in Resources */,
			);
			runOnlyForDeploymentPostprocessing = 0;
		};
/* End PBXResourcesBuildPhase section */

/* Begin PBXSourcesBuildPhase section */
		8444735F1E0E364D00F293D0 /* Sources */ = {
			isa = PBXSourcesBuildPhase;
			buildActionMask = 2147483647;
			files = (
				844473691E0E364D00F293D0 /* ViewController.swift in Sources */,
				844473671E0E364D00F293D0 /* AppDelegate.swift in Sources */,
			);
			runOnlyForDeploymentPostprocessing = 0;
		};
/* End PBXSourcesBuildPhase section */

/* Begin PBXVariantGroup section */
		8444736A1E0E364D00F293D0 /* Main.storyboard */ = {
			isa = PBXVariantGroup;
			children = (
				8444736B1E0E364D00F293D0 /* Base */,
			);
			name = Main.storyboard;
			sourceTree = "<group>";
		};
		8444736F1E0E364D00F293D0 /* LaunchScreen.storyboard */ = {
			isa = PBXVariantGroup;
			children = (
				844473701E0E364D00F293D0 /* Base */,
			);
			name = LaunchScreen.storyboard;
			sourceTree = "<group>";
		};
/* End PBXVariantGroup section */

/* Begin XCBuildConfiguration section */
		844473731E0E364D00F293D0 /* Debug */ = {
			isa = XCBuildConfiguration;
			buildSettings = {
				ALWAYS_SEARCH_USER_PATHS = NO;
				CLANG_ANALYZER_NONNULL = YES;
				CLANG_CXX_LANGUAGE_STANDARD = "gnu++0x";
				CLANG_CXX_LIBRARY = "libc++";
				CLANG_ENABLE_MODULES = YES;
				CLANG_ENABLE_OBJC_ARC = YES;
				CLANG_WARN_BOOL_CONVERSION = YES;
				CLANG_WARN_CONSTANT_CONVERSION = YES;
				CLANG_WARN_DIRECT_OBJC_ISA_USAGE = YES_ERROR;
				CLANG_WARN_DOCUMENTATION_COMMENTS = YES;
				CLANG_WARN_EMPTY_BODY = YES;
				CLANG_WARN_ENUM_CONVERSION = YES;
				CLANG_WARN_INFINITE_RECURSION = YES;
				CLANG_WARN_INT_CONVERSION = YES;
				CLANG_WARN_OBJC_ROOT_CLASS = YES_ERROR;
				CLANG_WARN_SUSPICIOUS_MOVE = YES;
				CLANG_WARN_UNREACHABLE_CODE = YES;
				CLANG_WARN__DUPLICATE_METHOD_MATCH = YES;
				"CODE_SIGN_IDENTITY[sdk=iphoneos*]" = "iPhone Developer";
				COPY_PHASE_STRIP = NO;
				DEBUG_INFORMATION_FORMAT = dwarf;
				ENABLE_STRICT_OBJC_MSGSEND = YES;
				ENABLE_TESTABILITY = YES;
				GCC_C_LANGUAGE_STANDARD = gnu99;
				GCC_DYNAMIC_NO_PIC = NO;
				GCC_NO_COMMON_BLOCKS = YES;
				GCC_OPTIMIZATION_LEVEL = 0;
				GCC_PREPROCESSOR_DEFINITIONS = (
					"DEBUG=1",
					"$(inherited)",
				);
				GCC_WARN_64_TO_32_BIT_CONVERSION = YES;
				GCC_WARN_ABOUT_RETURN_TYPE = YES_ERROR;
				GCC_WARN_UNDECLARED_SELECTOR = YES;
				GCC_WARN_UNINITIALIZED_AUTOS = YES_AGGRESSIVE;
				GCC_WARN_UNUSED_FUNCTION = YES;
				GCC_WARN_UNUSED_VARIABLE = YES;
				IPHONEOS_DEPLOYMENT_TARGET = 10.2;
				MTL_ENABLE_DEBUG_INFO = YES;
				ONLY_ACTIVE_ARCH = YES;
				SDKROOT = iphoneos;
				SWIFT_ACTIVE_COMPILATION_CONDITIONS = DEBUG;
				SWIFT_OPTIMIZATION_LEVEL = "-Onone";
			};
			name = Debug;
		};
		844473741E0E364D00F293D0 /* Release */ = {
			isa = XCBuildConfiguration;
			buildSettings = {
				ALWAYS_SEARCH_USER_PATHS = NO;
				CLANG_ANALYZER_NONNULL = YES;
				CLANG_CXX_LANGUAGE_STANDARD = "gnu++0x";
				CLANG_CXX_LIBRARY = "libc++";
				CLANG_ENABLE_MODULES = YES;
				CLANG_ENABLE_OBJC_ARC = YES;
				CLANG_WARN_BOOL_CONVERSION = YES;
				CLANG_WARN_CONSTANT_CONVERSION = YES;
				CLANG_WARN_DIRECT_OBJC_ISA_USAGE = YES_ERROR;
				CLANG_WARN_DOCUMENTATION_COMMENTS = YES;
				CLANG_WARN_EMPTY_BODY = YES;
				CLANG_WARN_ENUM_CONVERSION = YES;
				CLANG_WARN_INFINITE_RECURSION = YES;
				CLANG_WARN_INT_CONVERSION = YES;
				CLANG_WARN_OBJC_ROOT_CLASS = YES_ERROR;
				CLANG_WARN_SUSPICIOUS_MOVE = YES;
				CLANG_WARN_UNREACHABLE_CODE = YES;
				CLANG_WARN__DUPLICATE_METHOD_MATCH = YES;
				"CODE_SIGN_IDENTITY[sdk=iphoneos*]" = "iPhone Developer";
				COPY_PHASE_STRIP = NO;
				DEBUG_INFORMATION_FORMAT = "dwarf-with-dsym";
				ENABLE_NS_ASSERTIONS = NO;
				ENABLE_STRICT_OBJC_MSGSEND = YES;
				GCC_C_LANGUAGE_STANDARD = gnu99;
				GCC_NO_COMMON_BLOCKS = YES;
				GCC_WARN_64_TO_32_BIT_CONVERSION = YES;
				GCC_WARN_ABOUT_RETURN_TYPE = YES_ERROR;
				GCC_WARN_UNDECLARED_SELECTOR = YES;
				GCC_WARN_UNINITIALIZED_AUTOS = YES_AGGRESSIVE;
				GCC_WARN_UNUSED_FUNCTION = YES;
				GCC_WARN_UNUSED_VARIABLE = YES;
				IPHONEOS_DEPLOYMENT_TARGET = 10.2;
				MTL_ENABLE_DEBUG_INFO = NO;
				SDKROOT = iphoneos;
				SWIFT_OPTIMIZATION_LEVEL = "-Owholemodule";
				VALIDATE_PRODUCT = YES;
			};
			name = Release;
		};
		844473761E0E364D00F293D0 /* Debug */ = {
			isa = XCBuildConfiguration;
			buildSettings = {
				ASSETCATALOG_COMPILER_APPICON_NAME = AppIcon;
				DEVELOPMENT_TEAM = K9D6C8H335;
				INFOPLIST_FILE = NewUI/Info.plist;
				LD_RUNPATH_SEARCH_PATHS = "$(inherited) @executable_path/Frameworks";
				PRODUCT_BUNDLE_IDENTIFIER = jp.co.hamons.segayan3.NewUI;
				PRODUCT_NAME = "$(TARGET_NAME)";
				SWIFT_VERSION = 3.0;
			};
			name = Debug;
		};
		844473771E0E364D00F293D0 /* Release */ = {
			isa = XCBuildConfiguration;
			buildSettings = {
				ASSETCATALOG_COMPILER_APPICON_NAME = AppIcon;
				DEVELOPMENT_TEAM = K9D6C8H335;
				INFOPLIST_FILE = NewUI/Info.plist;
				LD_RUNPATH_SEARCH_PATHS = "$(inherited) @executable_path/Frameworks";
				PRODUCT_BUNDLE_IDENTIFIER = jp.co.hamons.segayan3.NewUI;
				PRODUCT_NAME = "$(TARGET_NAME)";
				SWIFT_VERSION = 3.0;
			};
			name = Release;
		};
/* End XCBuildConfiguration section */

/* Begin XCConfigurationList section */
		8444735E1E0E364D00F293D0 /* Build configuration list for PBXProject "NewUI" */ = {
			isa = XCConfigurationList;
			buildConfigurations = (
				844473731E0E364D00F293D0 /* Debug */,
				844473741E0E364D00F293D0 /* Release */,
			);
			defaultConfigurationIsVisible = 0;
			defaultConfigurationName = Release;
		};
		844473751E0E364D00F293D0 /* Build configuration list for PBXNativeTarget "NewUI" */ = {
			isa = XCConfigurationList;
			buildConfigurations = (
				844473761E0E364D00F293D0 /* Debug */,
				844473771E0E364D00F293D0 /* Release */,
			);
			defaultConfigurationIsVisible = 0;
		};
/* End XCConfigurationList section */
	};
	rootObject = 8444735B1E0E364D00F293D0 /* Project object */;
}
